
Microsoft Visual Studio Solution File, Format Version 12.00
# Visual Studio 15
VisualStudioVersion = 15.0.28307.421
MinimumVisualStudioVersion = 10.0.40219.1
Project("{FAE04EC0-301F-11D3-BF4B-00C04F79EFBC}") = "4c_sharp", "4c_sharp\4c_sharp.csproj", "{9894792E-F255-4023-A627-4A98CDF94DF0}"
EndProject
Global
	GlobalSection(SolutionConfigurationPlatforms) = preSolution
		Debug|Any CPU = Debug|Any CPU
		Release|Any CPU = Release|Any CPU
	EndGlobalSection
	GlobalSection(ProjectConfigurationPlatforms) = postSolution
		{9894792E-F255-4023-A627-4A98CDF94DF0}.Debug|Any CPU.ActiveCfg = Debug|Any CPU
		{9894792E-F255-4023-A627-4A98CDF94DF0}.Debug|Any CPU.Build.0 = Debug|Any CPU
		{9894792E-F255-4023-A627-4A98CDF94DF0}.Release|Any CPU.ActiveCfg = Release|Any CPU
		{9894792E-F255-4023-A627-4A98CDF94DF0}.Release|Any CPU.Build.0 = Release|Any CPU
	EndGlobalSection
	GlobalSection(SolutionProperties) = preSolution
		HideSolutionNode = FALSE
	EndGlobalSection
	GlobalSection(ExtensibilityGlobals) = postSolution
		SolutionGuid = {5103D6D6-E38B-4E61-B135-FC2282DC2DA9}
	EndGlobalSection
EndGlobal
